<?xml version="1.0" encoding="utf-8"?>
<Project ToolsVersion="4.0" xmlns="http://schemas.microsoft.com/developer/msbuild/2003">
  <ItemGroup>
    <ClCompile Include="main.cpp" />
    <ClCompile Include="GameObject.cpp">
      <Filter>GameObjects</Filter>
    </ClCompile>
    <ClCompile Include="Component.cpp">
      <Filter>Components</Filter>
    </ClCompile>
    <ClCompile Include="MoveComponent.cpp">
      <Filter>Components</Filter>
    </ClCompile>
    <ClCompile Include="SpriteComponent.cpp">
      <Filter>Components</Filter>
    </ClCompile>
    <ClCompile Include="Math.cpp">
      <Filter>Math</Filter>
    </ClCompile>
    <ClCompile Include="MeshComponent.cpp">
      <Filter>Components</Filter>
    </ClCompile>
    <ClCompile Include="Renderer.cpp">
      <Filter>Renderer</Filter>
    </ClCompile>
    <ClCompile Include="VertexArray.cpp">
      <Filter>Renderer</Filter>
    </ClCompile>
    <ClCompile Include="Shader.cpp">
      <Filter>Renderer</Filter>
    </ClCompile>
    <ClCompile Include="Texture.cpp">
      <Filter>Renderer</Filter>
    </ClCompile>
    <ClCompile Include="Mesh.cpp">
      <Filter>Renderer</Filter>
    </ClCompile>
    <ClCompile Include="FPS.cpp">
      <Filter>FPS</Filter>
    </ClCompile>
    <ClCompile Include="InputSystem.cpp">
      <Filter>InputSystem</Filter>
    </ClCompile>
    <ClCompile Include="Collision.cpp">
      <Filter>Components\Collider</Filter>
    </ClCompile>
    <ClCompile Include="GameObjectManager.cpp">
      <Filter>GameObjects</Filter>
    </ClCompile>
    <ClCompile Include="WeaponRotationAnimationPlayer.cpp">
      <Filter>GameObjects\Weapon</Filter>
    </ClCompile>
    <ClCompile Include="DebugBox.cpp">
      <Filter>GameObjects</Filter>
    </ClCompile>
    <ClCompile Include="PhysicsWorld.cpp">
      <Filter>Components\Collider</Filter>
    </ClCompile>
    <ClCompile Include="ColliderComponent.cpp">
      <Filter>Components\Collider</Filter>
    </ClCompile>
    <ClCompile Include="PlayerCharacter.cpp">
      <Filter>GameObjects</Filter>
    </ClCompile>
    <ClCompile Include="EnemyBase.cpp">
      <Filter>GameObjects\Enemy</Filter>
    </ClCompile>
    <ClCompile Include="MeleeEnemy.cpp">
      <Filter>GameObjects\Enemy</Filter>
    </ClCompile>
    <ClCompile Include="SkeltonObjectChecker.cpp">
      <Filter>GameObjects</Filter>
    </ClCompile>
    <ClCompile Include="ThrowWeapon.cpp">
      <Filter>GameObjects\Weapon</Filter>
    </ClCompile>
    <ClCompile Include="ShieldWeapon.cpp">
      <Filter>GameObjects\Weapon</Filter>
    </ClCompile>
    <ClCompile Include="GuardPlayerComponent.cpp">
      <Filter>PlayerAction\Guard</Filter>
    </ClCompile>
    <ClCompile Include="AnimationSpriteClip.cpp">
      <Filter>Animation\Player</Filter>
    </ClCompile>
    <ClCompile Include="AttackPlayerAnimationClip.cpp">
      <Filter>Animation\Player</Filter>
    </ClCompile>
    <ClCompile Include="IdlePlayerAnimationClip.cpp">
      <Filter>Animation\Player</Filter>
    </ClCompile>
    <ClCompile Include="MovePlayerAnimationClip.cpp">
      <Filter>Animation\Player</Filter>
    </ClCompile>
    <ClCompile Include="RangeAttackPlayerAnimationClip.cpp">
      <Filter>Animation\Player</Filter>
    </ClCompile>
    <ClCompile Include="AnimationPlayerComponent.cpp">
      <Filter>Components</Filter>
    </ClCompile>
    <ClCompile Include="ParticleComponent.cpp">
      <Filter>Components</Filter>
    </ClCompile>
    <ClCompile Include="SkeletalMeshComponent.cpp">
      <Filter>Components</Filter>
    </ClCompile>
    <ClCompile Include="Animation.cpp">
      <Filter>Animation</Filter>
    </ClCompile>
    <ClCompile Include="BoneTransform.cpp">
      <Filter>Animation</Filter>
    </ClCompile>
    <ClCompile Include="Skeleton.cpp">
      <Filter>Animation</Filter>
    </ClCompile>
    <ClCompile Include="RotateComponent.cpp">
      <Filter>Components</Filter>
    </ClCompile>
    <ClCompile Include="AnimationEnemyComponent.cpp">
      <Filter>Components</Filter>
    </ClCompile>
    <ClCompile Include="BoneAnimationBaseComponent.cpp">
      <Filter>Components</Filter>
    </ClCompile>
    <ClCompile Include="DownPlayerAnimationClip.cpp">
      <Filter>Animation\Player</Filter>
    </ClCompile>
    <ClCompile Include="GuardPlayerAnimationClip.cpp">
      <Filter>Animation\Player</Filter>
    </ClCompile>
    <ClCompile Include="JumpPlayerAnimationClip.cpp">
      <Filter>Animation\Player</Filter>
    </ClCompile>
    <ClCompile Include="NockBackPlayerAnimationClip.cpp">
      <Filter>Animation\Player</Filter>
    </ClCompile>
    <ClCompile Include="EnemyWeapon.cpp">
      <Filter>GameObjects\Enemy\Weapon</Filter>
    </ClCompile>
    <ClCompile Include="MainCameraObject.cpp">
      <Filter>GameObjects</Filter>
    </ClCompile>
    <ClCompile Include="LoiteringEnemyBase.cpp">
      <Filter>GameObjects\Enemy</Filter>
    </ClCompile>
    <ClCompile Include="CandleStick.cpp">
      <Filter>GameObjects</Filter>
    </ClCompile>
    <ClCompile Include="RangeEnemy.cpp">
      <Filter>GameObjects\Enemy</Filter>
    </ClCompile>
    <ClCompile Include="TankEnemy.cpp">
      <Filter>GameObjects\Enemy</Filter>
    </ClCompile>
    <ClCompile Include="MageEnemy.cpp">
      <Filter>GameObjects\Enemy</Filter>
    </ClCompile>
    <ClCompile Include="AttackRoopPlayerAnimationClip.cpp">
      <Filter>Animation\Player</Filter>
    </ClCompile>
    <ClCompile Include="RangeAttackRoopAnimationClip.cpp">
      <Filter>Animation\Player</Filter>
    </ClCompile>
    <ClCompile Include="DroppingDownPlayerAnimation.cpp">
      <Filter>Animation\Player</Filter>
    </ClCompile>
    <ClCompile Include="StraightMagicBullet.cpp">
      <Filter>GameObjects\Weapon</Filter>
    </ClCompile>
    <ClCompile Include="DoSubActionMagesChild.cpp">
      <Filter>GameObjects\Enemy</Filter>
    </ClCompile>
    <ClCompile Include="WarpPointSearchEnemy.cpp">
      <Filter>GameObjects\Enemy</Filter>
    </ClCompile>
    <ClCompile Include="PlaySceneObject.cpp">
      <Filter>GameObjects\Scene</Filter>
    </ClCompile>
    <ClCompile Include="ResultSceneObject.cpp">
      <Filter>GameObjects\Scene</Filter>
    </ClCompile>
    <ClCompile Include="SceneObjectBase.cpp">
      <Filter>GameObjects\Scene</Filter>
    </ClCompile>
    <ClCompile Include="TitleSceneObject.cpp">
      <Filter>GameObjects\Scene</Filter>
    </ClCompile>
    <ClCompile Include="BombParticleEffect.cpp">
      <Filter>GameObjects\Effect</Filter>
    </ClCompile>
    <ClCompile Include="HeartParticleEffect.cpp">
      <Filter>GameObjects\Effect</Filter>
    </ClCompile>
    <ClCompile Include="ParticleEffectBase.cpp">
      <Filter>GameObjects\Effect</Filter>
    </ClCompile>
    <ClCompile Include="BackGroundObject.cpp">
      <Filter>GameObjects</Filter>
    </ClCompile>
    <ClCompile Include="AvoidancingPlayerAnimation.cpp">
      <Filter>Animation\Player</Filter>
    </ClCompile>
    <ClCompile Include="FloatParticleEffect.cpp">
      <Filter>GameObjects\Effect</Filter>
    </ClCompile>
    <ClCompile Include="ParticleEffect.cpp">
      <Filter>GameObjects\Effect</Filter>
    </ClCompile>
    <ClCompile Include="ComboMeanPlayerBase.cpp">
      <Filter>PlayerAction\Combo</Filter>
    </ClCompile>
    <ClCompile Include="RotateTripleWeaponCombo.cpp">
      <Filter>PlayerAction\Combo</Filter>
    </ClCompile>
    <ClCompile Include="ThrowWeaponCombo.cpp">
      <Filter>PlayerAction\Combo</Filter>
    </ClCompile>
    <ClCompile Include="AttackPlayerComponent.cpp">
      <Filter>Components</Filter>
    </ClCompile>
    <ClCompile Include="AttackPlayerObject.cpp">
      <Filter>GameObjects</Filter>
    </ClCompile>
    <ClCompile Include="ComboItemObjectBase.cpp">
      <Filter>GameObjects\Item</Filter>
    </ClCompile>
    <ClCompile Include="HammerWeapon.cpp">
      <Filter>GameObjects\Weapon</Filter>
    </ClCompile>
    <ClCompile Include="DoubleHammerCombo.cpp">
      <Filter>PlayerAction\Combo</Filter>
    </ClCompile>
    <ClCompile Include="AttackBase.cpp">
      <Filter>PlayerAction\Attack</Filter>
    </ClCompile>
    <ClCompile Include="AttackPlayerOnce.cpp">
      <Filter>PlayerAction\Attack</Filter>
    </ClCompile>
    <ClCompile Include="AttackPlayerThird.cpp">
      <Filter>PlayerAction\Attack</Filter>
    </ClCompile>
    <ClCompile Include="AttackPlayerTwice.cpp">
      <Filter>PlayerAction\Attack</Filter>
    </ClCompile>
    <ClCompile Include="HammerAttackPlayer.cpp">
      <Filter>PlayerAction\Attack</Filter>
    </ClCompile>
    <ClCompile Include="RangeAttackPlayer.cpp">
      <Filter>PlayerAction\Attack</Filter>
    </ClCompile>
    <ClCompile Include="WeaponBase.cpp">
      <Filter>GameObjects\Weapon</Filter>
    </ClCompile>
    <ClCompile Include="UserInterfaceBase.cpp">
      <Filter>GameObjects\UI</Filter>
    </ClCompile>
    <ClCompile Include="RapidJsonHelper.cpp">
      <Filter>RapidJson</Filter>
    </ClCompile>
    <ClCompile Include="StageCreater.cpp">
      <Filter>GameObjects</Filter>
    </ClCompile>
    <ClCompile Include="HaveLifeCountUI.cpp">
      <Filter>GameObjects\UI</Filter>
    </ClCompile>
    <ClCompile Include="EventSystem.cpp">
      <Filter>GameObjects\Event</Filter>
    </ClCompile>
    <ClCompile Include="GameEndEventSystem.cpp">
      <Filter>GameObjects\Event</Filter>
    </ClCompile>
    <ClCompile Include="RainWeaponTutorialEnemy.cpp">
      <Filter>GameObjects\Enemy</Filter>
    </ClCompile>
    <ClCompile Include="RainEnemyWeapon.cpp">
      <Filter>GameObjects\Enemy\Weapon</Filter>
    </ClCompile>
    <ClCompile Include="ParticleObject.cpp">
      <Filter>GameObjects</Filter>
    </ClCompile>
    <ClCompile Include="DamageSquareEffect.cpp">
      <Filter>GameObjects\Effect</Filter>
    </ClCompile>
    <ClCompile Include="PauseScreen.cpp">
      <Filter>GameObjects</Filter>
    </ClCompile>
    <ClCompile Include="TakeItemEffectUI.cpp">
      <Filter>GameObjects\UI</Filter>
    </ClCompile>
    <ClCompile Include="Game.cpp" />
    <ClCompile Include="Ground.cpp">
      <Filter>GameObjects</Filter>
    </ClCompile>
    <ClCompile Include="CandleFireObject.cpp">
      <Filter>GameObjects</Filter>
    </ClCompile>
    <ClCompile Include="ShotSwordWeapon.cpp">
      <Filter>GameObjects\Weapon</Filter>
    </ClCompile>
    <ClCompile Include="SlashSwordAttackPlayer.cpp">
      <Filter>PlayerAction\Attack</Filter>
    </ClCompile>
    <ClCompile Include="TripleSlashSwordCombo.cpp">
      <Filter>PlayerAction\Combo</Filter>
    </ClCompile>
    <ClCompile Include="SlashSwordWeapon.cpp">
      <Filter>GameObjects\Weapon</Filter>
    </ClCompile>
    <ClCompile Include="ShieldEnemy.cpp">
      <Filter>GameObjects\Enemy</Filter>
    </ClCompile>
    <ClCompile Include="LoadSceneObject.cpp">
      <Filter>GameObjects\Scene</Filter>
    </ClCompile>
    <ClCompile Include="NoActionEnemyForLoad.cpp">
      <Filter>GameObjects\Enemy</Filter>
    </ClCompile>
    <ClCompile Include="SpawnEventSystem.cpp">
      <Filter>GameObjects\Event</Filter>
    </ClCompile>
    <ClCompile Include="TakeItemUi.cpp">
      <Filter>GameObjects\UI</Filter>
    </ClCompile>
    <ClCompile Include="ZoomingTransparencyEffect.cpp" />
  </ItemGroup>
  <ItemGroup>
    <ClInclude Include="GameObject.h">
      <Filter>GameObjects</Filter>
    </ClInclude>
    <ClInclude Include="Component.h">
      <Filter>Components</Filter>
    </ClInclude>
    <ClInclude Include="MoveComponent.h">
      <Filter>Components</Filter>
    </ClInclude>
    <ClInclude Include="SpriteComponent.h">
      <Filter>Components</Filter>
    </ClInclude>
    <ClInclude Include="Math.h">
      <Filter>Math</Filter>
    </ClInclude>
    <ClInclude Include="MeshComponent.h">
      <Filter>Components</Filter>
    </ClInclude>
    <ClInclude Include="Renderer.h">
      <Filter>Renderer</Filter>
    </ClInclude>
    <ClInclude Include="VertexArray.h">
      <Filter>Renderer</Filter>
    </ClInclude>
    <ClInclude Include="Shader.h">
      <Filter>Renderer</Filter>
    </ClInclude>
    <ClInclude Include="Texture.h">
      <Filter>Renderer</Filter>
    </ClInclude>
    <ClInclude Include="Mesh.h">
      <Filter>Renderer</Filter>
    </ClInclude>
    <ClInclude Include="FPS.h">
      <Filter>FPS</Filter>
    </ClInclude>
    <ClInclude Include="InputSystem.h">
      <Filter>InputSystem</Filter>
    </ClInclude>
    <ClInclude Include="Collision.h">
      <Filter>Components\Collider</Filter>
    </ClInclude>
    <ClInclude Include="GameObjectManager.h">
      <Filter>GameObjects</Filter>
    </ClInclude>
    <ClInclude Include="PlayerCharacter.h">
      <Filter>GameObjects</Filter>
    </ClInclude>
    <ClInclude Include="WeaponRotationAnimationPlayer.h">
      <Filter>GameObjects\Weapon</Filter>
    </ClInclude>
    <ClInclude Include="DebugBox.h">
      <Filter>GameObjects</Filter>
    </ClInclude>
    <ClInclude Include="PhysicsWorld.h">
      <Filter>Components\Collider</Filter>
    </ClInclude>
    <ClInclude Include="ColliderComponent.h">
      <Filter>Components\Collider</Filter>
    </ClInclude>
    <ClInclude Include="EnemyBase.h">
      <Filter>GameObjects\Enemy</Filter>
    </ClInclude>
    <ClInclude Include="MeleeEnemy.h">
      <Filter>GameObjects\Enemy</Filter>
    </ClInclude>
    <ClInclude Include="SkeltonObjectChecker.h">
      <Filter>GameObjects</Filter>
    </ClInclude>
    <ClInclude Include="ThrowWeapon.h">
      <Filter>GameObjects\Weapon</Filter>
    </ClInclude>
    <ClInclude Include="ShieldWeapon.h">
      <Filter>GameObjects\Weapon</Filter>
    </ClInclude>
    <ClInclude Include="GuardPlayerComponent.h">
      <Filter>PlayerAction\Guard</Filter>
    </ClInclude>
    <ClInclude Include="AnimationSpriteClip.h">
      <Filter>Animation\Player</Filter>
    </ClInclude>
    <ClInclude Include="AttackPlayerAnimationClip.h">
      <Filter>Animation\Player</Filter>
    </ClInclude>
    <ClInclude Include="IdlePlayerAnimationClip.h">
      <Filter>Animation\Player</Filter>
    </ClInclude>
    <ClInclude Include="MovePlayerAnimationClip.h">
      <Filter>Animation\Player</Filter>
    </ClInclude>
    <ClInclude Include="RangeAttackPlayerAnimationClip.h">
      <Filter>Animation\Player</Filter>
    </ClInclude>
    <ClInclude Include="AnimationPlayerComponent.h">
      <Filter>Components</Filter>
    </ClInclude>
    <ClInclude Include="ParticleComponent.h">
      <Filter>Components</Filter>
    </ClInclude>
    <ClInclude Include="SkeletalMeshComponent.h">
      <Filter>Components</Filter>
    </ClInclude>
    <ClInclude Include="Animation.h">
      <Filter>Animation</Filter>
    </ClInclude>
    <ClInclude Include="BoneTransform.h">
      <Filter>Animation</Filter>
    </ClInclude>
    <ClInclude Include="Skeleton.h">
      <Filter>Animation</Filter>
    </ClInclude>
    <ClInclude Include="RotateComponent.h">
      <Filter>Components</Filter>
    </ClInclude>
    <ClInclude Include="MatrixPalette.h">
      <Filter>Animation</Filter>
    </ClInclude>
    <ClInclude Include="AnimationEnemyComponent.h">
      <Filter>Components</Filter>
    </ClInclude>
    <ClInclude Include="BoneAnimationBaseComponent.h">
      <Filter>Components</Filter>
    </ClInclude>
    <ClInclude Include="DownPlayerAnimationClip.h">
      <Filter>Animation\Player</Filter>
    </ClInclude>
    <ClInclude Include="GuardPlayerAnimationClip.h">
      <Filter>Animation\Player</Filter>
    </ClInclude>
    <ClInclude Include="JumpPlayerAnimationClip.h">
      <Filter>Animation\Player</Filter>
    </ClInclude>
    <ClInclude Include="NockBackPlayerAnimationClip.h">
      <Filter>Animation\Player</Filter>
    </ClInclude>
    <ClInclude Include="EnemyWeapon.h">
      <Filter>GameObjects\Enemy\Weapon</Filter>
    </ClInclude>
    <ClInclude Include="MainCameraObject.h">
      <Filter>GameObjects</Filter>
    </ClInclude>
    <ClInclude Include="LoiteringEnemyBase.h">
      <Filter>GameObjects\Enemy</Filter>
    </ClInclude>
    <ClInclude Include="CandleStick.h">
      <Filter>GameObjects</Filter>
    </ClInclude>
    <ClInclude Include="RangeEnemy.h">
      <Filter>GameObjects\Enemy</Filter>
    </ClInclude>
    <ClInclude Include="TankEnemy.h">
      <Filter>GameObjects\Enemy</Filter>
    </ClInclude>
    <ClInclude Include="MageEnemy.h">
      <Filter>GameObjects\Enemy</Filter>
    </ClInclude>
    <ClInclude Include="AttackRoopPlayerAnimationClip.h">
      <Filter>Animation\Player</Filter>
    </ClInclude>
    <ClInclude Include="RangeAttackRoopAnimationClip.h">
      <Filter>Animation\Player</Filter>
    </ClInclude>
    <ClInclude Include="DroppingDownPlayerAnimation.h">
      <Filter>Animation\Player</Filter>
    </ClInclude>
    <ClInclude Include="StraightMagicBullet.h">
      <Filter>GameObjects\Weapon</Filter>
    </ClInclude>
    <ClInclude Include="DoSubActionMagesChild.h">
      <Filter>GameObjects\Enemy</Filter>
    </ClInclude>
    <ClInclude Include="WarpPointSearchEnemy.h">
      <Filter>GameObjects\Enemy</Filter>
    </ClInclude>
    <ClInclude Include="TitleSceneObject.h">
      <Filter>GameObjects\Scene</Filter>
    </ClInclude>
    <ClInclude Include="PlaySceneObject.h">
      <Filter>GameObjects\Scene</Filter>
    </ClInclude>
    <ClInclude Include="ResultSceneObject.h">
      <Filter>GameObjects\Scene</Filter>
    </ClInclude>
    <ClInclude Include="SceneObjectBase.h">
      <Filter>GameObjects\Scene</Filter>
    </ClInclude>
    <ClInclude Include="BombParticleEffect.h">
      <Filter>GameObjects\Effect</Filter>
    </ClInclude>
    <ClInclude Include="HeartParticleEffect.h">
      <Filter>GameObjects\Effect</Filter>
    </ClInclude>
    <ClInclude Include="ParticleEffectBase.h">
      <Filter>GameObjects\Effect</Filter>
    </ClInclude>
    <ClInclude Include="BackGroundObject.h">
      <Filter>GameObjects</Filter>
    </ClInclude>
    <ClInclude Include="AvoidancingPlayerAnimation.h">
      <Filter>Animation\Player</Filter>
    </ClInclude>
    <ClInclude Include="FloatParticleEffect.h">
      <Filter>GameObjects\Effect</Filter>
    </ClInclude>
    <ClInclude Include="ParticleEffect.h">
      <Filter>GameObjects\Effect</Filter>
    </ClInclude>
    <ClInclude Include="ComboMeanPlayerBase.h">
      <Filter>PlayerAction\Combo</Filter>
    </ClInclude>
    <ClInclude Include="RotateTripleWeaponCombo.h">
      <Filter>PlayerAction\Combo</Filter>
    </ClInclude>
    <ClInclude Include="ThrowWeaponCombo.h">
      <Filter>PlayerAction\Combo</Filter>
    </ClInclude>
    <ClInclude Include="AttackPlayerComponent.h">
      <Filter>Components</Filter>
    </ClInclude>
    <ClInclude Include="AttackPlayerObject.h">
      <Filter>GameObjects</Filter>
    </ClInclude>
    <ClInclude Include="ComboItemObjectBase.h">
      <Filter>GameObjects\Item</Filter>
    </ClInclude>
    <ClInclude Include="HammerWeapon.h">
      <Filter>GameObjects\Weapon</Filter>
    </ClInclude>
    <ClInclude Include="DoubleHammerCombo.h">
      <Filter>PlayerAction\Combo</Filter>
    </ClInclude>
    <ClInclude Include="AttackBase.h">
      <Filter>PlayerAction\Attack</Filter>
    </ClInclude>
    <ClInclude Include="AttackPlayerOnce.h">
      <Filter>PlayerAction\Attack</Filter>
    </ClInclude>
    <ClInclude Include="AttackPlayerThird.h">
      <Filter>PlayerAction\Attack</Filter>
    </ClInclude>
    <ClInclude Include="AttackPlayerTwice.h">
      <Filter>PlayerAction\Attack</Filter>
    </ClInclude>
    <ClInclude Include="HammerAttackPlayer.h">
      <Filter>PlayerAction\Attack</Filter>
    </ClInclude>
    <ClInclude Include="RangeAttackPlayer.h">
      <Filter>PlayerAction\Attack</Filter>
    </ClInclude>
    <ClInclude Include="WeaponBase.h">
      <Filter>GameObjects\Weapon</Filter>
    </ClInclude>
    <ClInclude Include="UserInterfaceBase.h">
      <Filter>GameObjects\UI</Filter>
    </ClInclude>
    <ClInclude Include="RapidJsonHelper.h">
      <Filter>RapidJson</Filter>
    </ClInclude>
    <ClInclude Include="StageCreater.h">
      <Filter>GameObjects</Filter>
    </ClInclude>
    <ClInclude Include="HaveLifeCountUI.h">
      <Filter>GameObjects\UI</Filter>
    </ClInclude>
    <ClInclude Include="EventSystem.h">
      <Filter>GameObjects\Event</Filter>
    </ClInclude>
    <ClInclude Include="GameEndEventSystem.h">
      <Filter>GameObjects\Event</Filter>
    </ClInclude>
    <ClInclude Include="RainWeaponTutorialEnemy.h">
      <Filter>GameObjects\Enemy</Filter>
    </ClInclude>
    <ClInclude Include="RainEnemyWeapon.h">
      <Filter>GameObjects\Enemy\Weapon</Filter>
    </ClInclude>
    <ClInclude Include="ParticleObject.h">
      <Filter>GameObjects</Filter>
    </ClInclude>
    <ClInclude Include="DamageSquareEffect.h">
      <Filter>GameObjects\Effect</Filter>
    </ClInclude>
    <ClInclude Include="PauseScreen.h">
      <Filter>GameObjects</Filter>
    </ClInclude>
    <ClInclude Include="TakeItemEffectUI.h">
      <Filter>GameObjects\UI</Filter>
    </ClInclude>
    <ClInclude Include="Game.h" />
    <ClInclude Include="CandleFireObject.h">
      <Filter>GameObjects</Filter>
    </ClInclude>
    <ClInclude Include="Ground.h">
      <Filter>GameObjects</Filter>
    </ClInclude>
    <ClInclude Include="ShotSwordWeapon.h">
      <Filter>GameObjects\Weapon</Filter>
    </ClInclude>
    <ClInclude Include="SlashSwordAttackPlayer.h">
      <Filter>PlayerAction\Attack</Filter>
    </ClInclude>
    <ClInclude Include="TripleSlashSwordCombo.h">
      <Filter>PlayerAction\Combo</Filter>
    </ClInclude>
    <ClInclude Include="SlashSwordWeapon.h">
      <Filter>GameObjects\Weapon</Filter>
    </ClInclude>
    <ClInclude Include="ShieldEnemy.h">
      <Filter>GameObjects\Enemy</Filter>
    </ClInclude>
    <ClInclude Include="LoadSceneObject.h">
      <Filter>GameObjects\Scene</Filter>
    </ClInclude>
    <ClInclude Include="NoActionEnemyForLoad.h">
      <Filter>GameObjects\Enemy</Filter>
    </ClInclude>
    <ClInclude Include="SpawnEventSystem.h">
      <Filter>GameObjects\Event</Filter>
    </ClInclude>
    <ClInclude Include="TakeItemUi.h">
      <Filter>GameObjects\UI</Filter>
    </ClInclude>
    <ClInclude Include="ZoomingTransparencyEffect.h" />
  </ItemGroup>
  <ItemGroup>
    <Filter Include="GameObjects">
      <UniqueIdentifier>{614f7629-f9b4-4e84-a619-9d3738c2e48a}</UniqueIdentifier>
    </Filter>
    <Filter Include="Components">
      <UniqueIdentifier>{453546c5-e9de-4e3e-a25b-f98a2b7e8960}</UniqueIdentifier>
    </Filter>
    <Filter Include="Renderer">
      <UniqueIdentifier>{82d6709d-ae31-4598-b249-044af437e576}</UniqueIdentifier>
    </Filter>
    <Filter Include="FPS">
      <UniqueIdentifier>{f5cd1200-4d13-4894-b195-06cc32386c5f}</UniqueIdentifier>
    </Filter>
    <Filter Include="InputSystem">
      <UniqueIdentifier>{86dd1375-242a-47c5-b4ab-8c242a88e640}</UniqueIdentifier>
    </Filter>
    <Filter Include="Math">
      <UniqueIdentifier>{6a202267-f302-460a-bad2-773b2329bbdd}</UniqueIdentifier>
    </Filter>
    <Filter Include="Animation">
      <UniqueIdentifier>{c8e606d2-bf2c-4f01-ad9d-28b803aa7d2a}</UniqueIdentifier>
    </Filter>
    <Filter Include="Components\Collider">
      <UniqueIdentifier>{016f7373-9fd9-4a05-bbd3-36e0ad2fe6f6}</UniqueIdentifier>
    </Filter>
    <Filter Include="GameObjects\Enemy">
      <UniqueIdentifier>{cff1a885-7757-46d6-b40f-0b5896f7a770}</UniqueIdentifier>
    </Filter>
    <Filter Include="PlayerAction">
      <UniqueIdentifier>{a4b86e3b-da00-4e6e-99d4-8907862395c2}</UniqueIdentifier>
    </Filter>
    <Filter Include="PlayerAction\Attack">
      <UniqueIdentifier>{9229dfb7-13a5-4d85-8b35-6747fbb6769a}</UniqueIdentifier>
    </Filter>
    <Filter Include="PlayerAction\Guard">
      <UniqueIdentifier>{79a0c789-f5b3-4078-9bc0-9d330b979089}</UniqueIdentifier>
    </Filter>
    <Filter Include="Animation\Player">
      <UniqueIdentifier>{9af7e7f4-cc20-4f4f-9962-35797026c41d}</UniqueIdentifier>
    </Filter>
    <Filter Include="GameObjects\Enemy\Weapon">
      <UniqueIdentifier>{0e4f0142-ff55-454d-bbeb-108eaaf133de}</UniqueIdentifier>
    </Filter>
    <Filter Include="GameObjects\Scene">
      <UniqueIdentifier>{7cca6bff-aa08-4305-90b7-4933b126a9a7}</UniqueIdentifier>
    </Filter>
    <Filter Include="GameObjects\Effect">
      <UniqueIdentifier>{f2d6a8b3-e1bd-4178-9312-8a97c863bad1}</UniqueIdentifier>
    </Filter>
    <Filter Include="GameObjects\Item">
      <UniqueIdentifier>{24454561-9074-4232-8ba2-e5e79ecf4945}</UniqueIdentifier>
    </Filter>
    <Filter Include="PlayerAction\Combo">
      <UniqueIdentifier>{0f201be0-ced9-4cb5-b3b0-59854d437aa0}</UniqueIdentifier>
    </Filter>
    <Filter Include="GameObjects\Weapon">
      <UniqueIdentifier>{91cc7e3d-8a65-457f-b294-9c649e27863e}</UniqueIdentifier>
    </Filter>
    <Filter Include="GameObjects\UI">
      <UniqueIdentifier>{9309263b-65c2-4aba-b9fc-d2d3aa6611e0}</UniqueIdentifier>
    </Filter>
    <Filter Include="RapidJson">
      <UniqueIdentifier>{f0e3faca-e48a-4068-8bbf-2cbca8ba06c2}</UniqueIdentifier>
    </Filter>
    <Filter Include="GameObjects\Event">
      <UniqueIdentifier>{829141bf-784b-4338-b4ef-843f60b37300}</UniqueIdentifier>
    </Filter>
  </ItemGroup>
</Project>