<?xml version="1.0" encoding="utf-8"?>
<Project ToolsVersion="4.0" xmlns="http://schemas.microsoft.com/developer/msbuild/2003">
  <ItemGroup>
    <ClCompile Include="Game.cpp" />
    <ClCompile Include="main.cpp" />
    <ClCompile Include="GameObject.cpp">
      <Filter>GameObjects</Filter>
    </ClCompile>
    <ClCompile Include="Ship.cpp">
      <Filter>GameObjects</Filter>
    </ClCompile>
    <ClCompile Include="Component.cpp">
      <Filter>Components</Filter>
    </ClCompile>
    <ClCompile Include="MoveComponent.cpp">
      <Filter>Components</Filter>
    </ClCompile>
    <ClCompile Include="SpriteComponent.cpp">
      <Filter>Components</Filter>
    </ClCompile>
    <ClCompile Include="Math.cpp">
      <Filter>Math</Filter>
    </ClCompile>
    <ClCompile Include="MeshComponent.cpp">
      <Filter>Components</Filter>
    </ClCompile>
    <ClCompile Include="CameraObject.cpp">
      <Filter>GameObjects</Filter>
    </ClCompile>
    <ClCompile Include="Renderer.cpp">
      <Filter>Renderer</Filter>
    </ClCompile>
    <ClCompile Include="VertexArray.cpp">
      <Filter>Renderer</Filter>
    </ClCompile>
    <ClCompile Include="Shader.cpp">
      <Filter>Renderer</Filter>
    </ClCompile>
    <ClCompile Include="Texture.cpp">
      <Filter>Renderer</Filter>
    </ClCompile>
    <ClCompile Include="Mesh.cpp">
      <Filter>Renderer</Filter>
    </ClCompile>
    <ClCompile Include="FPS.cpp">
      <Filter>FPS</Filter>
    </ClCompile>
    <ClCompile Include="InputSystem.cpp">
      <Filter>InputSystem</Filter>
    </ClCompile>
    <ClCompile Include="InputComponent.cpp">
      <Filter>Components</Filter>
    </ClCompile>
    <ClCompile Include="CameraComponent.cpp">
      <Filter>Camera</Filter>
    </ClCompile>
    <ClCompile Include="FPSCamera.cpp">
      <Filter>FPSCamera</Filter>
    </ClCompile>
    <ClCompile Include="FPSGameObject.cpp">
      <Filter>FPSCamera</Filter>
    </ClCompile>
    <ClCompile Include="Collision.cpp">
      <Filter>Collider</Filter>
    </ClCompile>
    <ClCompile Include="PhysicsWorld.cpp">
      <Filter>Collider</Filter>
    </ClCompile>
    <ClCompile Include="ColliderComponent.cpp">
      <Filter>Collider</Filter>
    </ClCompile>
    <ClCompile Include="SphereCollider.cpp">
      <Filter>Collider</Filter>
    </ClCompile>
    <ClCompile Include="FollowCamera.cpp">
      <Filter>Camera</Filter>
    </ClCompile>
    <ClCompile Include="FollowCameraObject.cpp">
      <Filter>Camera</Filter>
    </ClCompile>
    <ClCompile Include="BoxCollider.cpp">
      <Filter>Collider</Filter>
    </ClCompile>
    <ClCompile Include="GameObjectManager.cpp">
      <Filter>GameObjects</Filter>
    </ClCompile>
    <ClCompile Include="PlayScene.cpp">
      <Filter>Scene</Filter>
    </ClCompile>
    <ClCompile Include="SceneBase.cpp">
      <Filter>Scene</Filter>
    </ClCompile>
    <ClCompile Include="WallMeshComponent.cpp">
      <Filter>Components</Filter>
    </ClCompile>
    <ClCompile Include="TitleScene.cpp">
      <Filter>Scene</Filter>
    </ClCompile>
    <ClCompile Include="PlayerCharacter.cpp" />
    <ClCompile Include="MainCamera.cpp" />
    <ClCompile Include="AnimationPlayerComponent.cpp">
      <Filter>Animation</Filter>
    </ClCompile>
    <ClCompile Include="AnimationSpriteClip.cpp">
      <Filter>Animation</Filter>
    </ClCompile>
    <ClCompile Include="MovePlayerAnimationClip.cpp">
      <Filter>Animation</Filter>
    </ClCompile>
    <ClCompile Include="IdlePlayerAnimationClip.cpp">
      <Filter>Animation</Filter>
    </ClCompile>
    <ClCompile Include="AttackBase.cpp">
      <Filter>Attack</Filter>
    </ClCompile>
    <ClCompile Include="AttackOnce.cpp">
      <Filter>Attack</Filter>
    </ClCompile>
    <ClCompile Include="AttackPlayerComponent.cpp" />
  </ItemGroup>
  <ItemGroup>
    <ClInclude Include="Game.h" />
    <ClInclude Include="GameObject.h">
      <Filter>GameObjects</Filter>
    </ClInclude>
    <ClInclude Include="Ship.h">
      <Filter>GameObjects</Filter>
    </ClInclude>
    <ClInclude Include="Component.h">
      <Filter>Components</Filter>
    </ClInclude>
    <ClInclude Include="MoveComponent.h">
      <Filter>Components</Filter>
    </ClInclude>
    <ClInclude Include="SpriteComponent.h">
      <Filter>Components</Filter>
    </ClInclude>
    <ClInclude Include="Math.h">
      <Filter>Math</Filter>
    </ClInclude>
    <ClInclude Include="MeshComponent.h">
      <Filter>Components</Filter>
    </ClInclude>
    <ClInclude Include="CameraObject.h">
      <Filter>GameObjects</Filter>
    </ClInclude>
    <ClInclude Include="Renderer.h">
      <Filter>Renderer</Filter>
    </ClInclude>
    <ClInclude Include="VertexArray.h">
      <Filter>Renderer</Filter>
    </ClInclude>
    <ClInclude Include="Shader.h">
      <Filter>Renderer</Filter>
    </ClInclude>
    <ClInclude Include="Texture.h">
      <Filter>Renderer</Filter>
    </ClInclude>
    <ClInclude Include="Mesh.h">
      <Filter>Renderer</Filter>
    </ClInclude>
    <ClInclude Include="FPS.h">
      <Filter>FPS</Filter>
    </ClInclude>
    <ClInclude Include="InputSystem.h">
      <Filter>InputSystem</Filter>
    </ClInclude>
    <ClInclude Include="InputComponent.h">
      <Filter>Components</Filter>
    </ClInclude>
    <ClInclude Include="CameraComponent.h">
      <Filter>Camera</Filter>
    </ClInclude>
    <ClInclude Include="FPSCamera.h">
      <Filter>FPSCamera</Filter>
    </ClInclude>
    <ClInclude Include="FPSGameObject.h">
      <Filter>FPSCamera</Filter>
    </ClInclude>
    <ClInclude Include="Collision.h">
      <Filter>Collider</Filter>
    </ClInclude>
    <ClInclude Include="PhysicsWorld.h">
      <Filter>Collider</Filter>
    </ClInclude>
    <ClInclude Include="ColliderComponent.h">
      <Filter>Collider</Filter>
    </ClInclude>
    <ClInclude Include="SphereCollider.h">
      <Filter>Collider</Filter>
    </ClInclude>
    <ClInclude Include="FollowCamera.h">
      <Filter>Camera</Filter>
    </ClInclude>
    <ClInclude Include="FollowCameraObject.h">
      <Filter>Camera</Filter>
    </ClInclude>
    <ClInclude Include="BoxCollider.h">
      <Filter>Collider</Filter>
    </ClInclude>
    <ClInclude Include="GameObjectManager.h">
      <Filter>GameObjects</Filter>
    </ClInclude>
    <ClInclude Include="PlayScene.h">
      <Filter>Scene</Filter>
    </ClInclude>
    <ClInclude Include="SceneBase.h">
      <Filter>Scene</Filter>
    </ClInclude>
    <ClInclude Include="WallMeshComponent.h">
      <Filter>Components</Filter>
    </ClInclude>
    <ClInclude Include="TitleScene.h">
      <Filter>Scene</Filter>
    </ClInclude>
    <ClInclude Include="MainCamera.h" />
    <ClInclude Include="PlayerCharacter.h">
      <Filter>GameObjects</Filter>
    </ClInclude>
    <ClInclude Include="AnimationPlayerComponent.h">
      <Filter>Animation</Filter>
    </ClInclude>
    <ClInclude Include="AnimationSpriteClip.h">
      <Filter>Animation</Filter>
    </ClInclude>
    <ClInclude Include="MovePlayerAnimationClip.h">
      <Filter>Animation</Filter>
    </ClInclude>
    <ClInclude Include="IdlePlayerAnimationClip.h">
      <Filter>Animation</Filter>
    </ClInclude>
    <ClInclude Include="AttackBase.h">
      <Filter>Attack</Filter>
    </ClInclude>
    <ClInclude Include="AttackOnce.h">
      <Filter>Attack</Filter>
    </ClInclude>
    <ClInclude Include="AttackPlayerComponent.h" />
  </ItemGroup>
  <ItemGroup>
    <Filter Include="GameObjects">
      <UniqueIdentifier>{614f7629-f9b4-4e84-a619-9d3738c2e48a}</UniqueIdentifier>
    </Filter>
    <Filter Include="Components">
      <UniqueIdentifier>{453546c5-e9de-4e3e-a25b-f98a2b7e8960}</UniqueIdentifier>
    </Filter>
    <Filter Include="Renderer">
      <UniqueIdentifier>{82d6709d-ae31-4598-b249-044af437e576}</UniqueIdentifier>
    </Filter>
    <Filter Include="FPS">
      <UniqueIdentifier>{f5cd1200-4d13-4894-b195-06cc32386c5f}</UniqueIdentifier>
    </Filter>
    <Filter Include="InputSystem">
      <UniqueIdentifier>{86dd1375-242a-47c5-b4ab-8c242a88e640}</UniqueIdentifier>
    </Filter>
    <Filter Include="Camera">
      <UniqueIdentifier>{baceb5f2-8168-4a27-a023-a8b9d9ba8383}</UniqueIdentifier>
    </Filter>
    <Filter Include="FPSCamera">
      <UniqueIdentifier>{b427765a-6a2f-4bbd-b4b0-d4aa06f05efb}</UniqueIdentifier>
    </Filter>
    <Filter Include="Collider">
      <UniqueIdentifier>{016f7373-9fd9-4a05-bbd3-36e0ad2fe6f6}</UniqueIdentifier>
    </Filter>
    <Filter Include="Scene">
      <UniqueIdentifier>{df0532af-3c8b-4d63-8ea0-ddaca7007ebe}</UniqueIdentifier>
    </Filter>
    <Filter Include="Math">
      <UniqueIdentifier>{6a202267-f302-460a-bad2-773b2329bbdd}</UniqueIdentifier>
    </Filter>
    <Filter Include="Animation">
      <UniqueIdentifier>{c8e606d2-bf2c-4f01-ad9d-28b803aa7d2a}</UniqueIdentifier>
    </Filter>
    <Filter Include="Attack">
      <UniqueIdentifier>{9229dfb7-13a5-4d85-8b35-6747fbb6769a}</UniqueIdentifier>
    </Filter>
  </ItemGroup>
</Project>